github.com/aws/aws-sdk-go-v2 v1.41.8 h1:sRs7nG6/RiEBZ/K5UO2sNw0w40U02Nmz1VtARloTZXk=
github.com/aws/aws-sdk-go-v2 v1.41.8/go.mod h1:4LAfZOPHNVNQEckOACQx60Y8pSRjIkNZQz1w92xpMJc=
github.com/aws/aws-sdk-go-v2/aws/protocol/eventstream v1.7.10 h1:gx1AwW1Iyk9Z9dD9F4akX5gnN3QZwUB20GGKH/I+Rho=
github.com/aws/aws-sdk-go-v2/aws/protocol/eventstream v1.7.10/go.mod h1:qqY157uZoqm5OXq/amuaBJyC9hgBCBQnsaWnPe905GY=
github.com/aws/aws-sdk-go-v2/config v1.32.19 h1:qRhIJMbevHUvIE7X4TK8N8zye5+5AhapcslPrvB+qKE=
github.com/aws/aws-sdk-go-v2/config v1.32.19/go.mod h1:RbJ24nfoya63+Mf5VI+CGCGk9vEdv28xPeii+gojRYs=
github.com/aws/aws-sdk-go-v2/credentials v1.19.18 h1:GcXQz2M/0ZvMo0v5DakUqbDBeBM1ZNaivkolEF4Esgw=
github.com/aws/aws-sdk-go-v2/credentials v1.19.18/go.mod h1:sHJ06tMGcD3ZpmMyJqV+VBsGilhSIZPIN+ZFy5Dg0C4=
github.com/aws/aws-sdk-go-v2/feature/ec2/imds v1.18.24 h1:FQm5ApnyzkuJdXLGskPce83CK1CQKC4RUnIHKVe4BU4=
github.com/aws/aws-sdk-go-v2/feature/ec2/imds v1.18.24/go.mod h1:JsC7dqQc55MlZ5mvNsDMMge71u8pVcSzU3RNz2h/5yQ=
github.com/aws/aws-sdk-go-v2/internal/configsources v1.4.24 h1:u6kJU2i0va1AgtJsH3RdWKWqHULlTh7zHwb35Womf74=
github.com/aws/aws-sdk-go-v2/internal/configsources v1.4.24/go.mod h1:7GY+xLcXOFUpCkNwDReft9qOAVg54A4/AnjHIU7sSAY=
github.com/aws/aws-sdk-go-v2/internal/endpoints/v2 v2.7.24 h1:Xhbcf3KugX6vX7SDyUK205Oicyfg7EGuvoVNyP5L6DM=
github.com/aws/aws-sdk-go-v2/internal/endpoints/v2 v2.7.24/go.mod h1:rwDgb2HNOGZsnTHylOUedM7Vnl+bCfnXDqUNPsFWYfk=
github.com/aws/aws-sdk-go-v2/internal/v4a v1.4.25 h1:54CTMmlJ71Rk2dYvM9qZOob+39wjlVja2zDLxCu69Ew=
github.com/aws/aws-sdk-go-v2/internal/v4a v1.4.25/go.mod h1:BZaHqxsS9vN1fvV5EfEl0OBLOk5+AajWsMu6MjqnZB4=
github.com/aws/aws-sdk-go-v2/service/cloudwatch v1.57.1 h1:i4i1wpCbEiFsge84hmvuLHpBCdhgfoAJTfDpPMr+sZA=
github.com/aws/aws-sdk-go-v2/service/cloudwatch v1.57.1/go.mod h1:751oDslfSNqbjCBSZYZKOvXl8Pbx9soAk2nISFo9sN0=
github.com/aws/aws-sdk-go-v2/service/costexplorer v1.63.9 h1:cVSd0kgTG+dvJlglPapLihiYNM69k+ZJxb2OqGY73BQ=
github.com/aws/aws-sdk-go-v2/service/costexplorer v1.63.9/go.mod h1:bm12cXeoasdLU/Ra6PdxnbE8YZsbXDYHfLU4Z9yGBDc=
github.com/aws/aws-sdk-go-v2/service/ec2 v1.304.1 h1:ViHXq1M38VYp2KuxM9Gcwohp9fwlpJ1noliwTmHcRFk=
github.com/aws/aws-sdk-go-v2/service/ec2 v1.304.1/go.mod h1:+AkYu92PhPD3Utfj3ruK5hGpQF0OHm8ffj10X2T+ufE=
github.com/aws/aws-sdk-go-v2/service/internal/accept-encoding v1.13.9 h1:FLudkZLt5ci0ozzgkVo8BJGwvqNaZbTWb3UcucAateA=
github.com/aws/aws-sdk-go-v2/service/internal/accept-encoding v1.13.9/go.mod h1:w7wZ/s9qK7c8g4al+UyoF1Sp/Z45UwMGcqIzLWVQHWk=
github.com/aws/aws-sdk-go-v2/service/internal/checksum v1.9.17 h1:Zma31M1f9bbD/bsl6haTxupA0+z72L3l2ujKAH37zuI=
github.com/aws/aws-sdk-go-v2/service/internal/checksum v1.9.17/go.mod h1:ZNHrGwBST3tZxBCTKbindx0BEdPN0Jnh7yJ7EVnktUM=
github.com/aws/aws-sdk-go-v2/service/internal/presigned-url v1.13.24 h1:CQW2FTrflfoslYWLf3fv7vG28Q219+v8YJS5QTQb2+Y=
github.com/aws/aws-sdk-go-v2/service/internal/presigned-url v1.13.24/go.mod h1:Xfx13T+u3nH6EEzgl9fBSO6nDRmze1FvnZNYkctQ2zw=
github.com/aws/aws-sdk-go-v2/service/internal/s3shared v1.19.24 h1:yPLVC8Lbsw92eepgdIZCChHRNQek5eAvAz5wS+UIpJE=
github.com/aws/aws-sdk-go-v2/service/internal/s3shared v1.19.24/go.mod h1:H2h39H1AivHYkozUIUYoVJGMUOvdJ4Lv9DLyUSMAjW8=
github.com/aws/aws-sdk-go-v2/service/organizations v1.51.5 h1:687d4GNItnbdTQDIrujejwYIiXpG+yFehtGhOEQ9yDU=
github.com/aws/aws-sdk-go-v2/service/organizations v1.51.5/go.mod h1:3x9U6Kuj/KbdofHwSr72N8ioLjo2+FwHSWhCxsSULks=
github.com/aws/aws-sdk-go-v2/service/s3 v1.102.1 h1:vttIo8BQwfnhimKRBZBBF3Y38SAIxif72B/M91m9hDk=
github.com/aws/aws-sdk-go-v2/service/s3 v1.102.1/go.mod h1:2qjInACJr84m/Tm4XXCcVNpejmbKy9kz7TEa6viQHSk=
github.com/aws/aws-sdk-go-v2/service/signin v1.1.0 h1:yQo3eZ5qFaL1sJWqs1nL6j3yPHA2/R7c6tQ4T+0IO10=
github.com/aws/aws-sdk-go-v2/service/signin v1.1.0/go.mod h1:3Zzou41Qt/ueXfIzHvTEjDNuR5IjCUBVF01SNhrt1e8=
github.com/aws/aws-sdk-go-v2/service/sso v1.30.18 h1:ApLTFdAZfDhZSiY5uskwECKHkSNNF83y2Ru2r7SezWA=
github.com/aws/aws-sdk-go-v2/service/sso v1.30.18/go.mod h1:A9K9qx2l6nK89hp+a350FdGfRkrkH5HdiEjHbiy/Q/c=
github.com/aws/aws-sdk-go-v2/service/ssooidc v1.36.1 h1:4VD7TIZOGzehrgQ8vDE+1c6BQW4ErZPGY8ohZT5LXEE=
github.com/aws/aws-sdk-go-v2/service/ssooidc v1.36.1/go.mod h1:er0SFJfdV89Rit5hIJu/EXtv+qC2XMnxoksLmcUFkqM=
github.com/aws/aws-sdk-go-v2/service/sts v1.42.2 h1:XKnxlM4KZH1gktcsh3zSWc7GW4KivEv/OkifmHOhCUY=
github.com/aws/aws-sdk-go-v2/service/sts v1.42.2/go.mod h1:KJYmkQaFB3SUW2j3aBkPsxNmAb4ZsSOvbvCpuxzHJA0=
github.com/aws/smithy-go v1.25.1 h1:J8ERsGSU7d+aCmdQur5Txg6bVoYelvQJgtZehD12GkI=
github.com/aws/smithy-go v1.25.1/go.mod h1:YE2RhdIuDbA5E5bTdciG9KrW3+TiEONeUWCqxX9i1Fc=
github.com/cpuguy83/go-md2man/v2 v2.0.6/go.mod h1:oOW0eioCTA6cOiMLiUPZOpcVxMig6NIQQ7OS05n1F4g=
github.com/davecgh/go-spew v1.1.1 h1:vj9j/u1bqnvCEfJOwUhtlOARqs3+rkHYY13jYWTU97c=
github.com/davecgh/go-spew v1.1.1/go.mod h1:J7Y8YcW2NihsgmVo/mv3lAwl/skON4iLHjSsI+c5H38=
github.com/dustin/go-humanize v1.0.1 h1:GzkhY7T5VNhEkwH0PVJgjz+fX1rhBrR7pRT3mDkpeCY=
github.com/dustin/go-humanize v1.0.1/go.mod h1:Mu1zIs6XwVuF/gI1OepvI0qD18qycQx+mFykh5fBlto=
github.com/frankban/quicktest v1.14.6 h1:7Xjx+VpznH+oBnejlPUj8oUpdxnVs4f8XU8WnHkI4W8=
github.com/frankban/quicktest v1.14.6/go.mod h1:4ptaffx2x8+WTWXmUCuVU6aPUX1/Mz7zb5vbUoiM6w0=
github.com/google/go-cmp v0.7.0 h1:wk8382ETsv4JYUZwIsn6YpYiWiBsYLSJiTsyBybVuN8=
github.com/google/go-cmp v0.7.0/go.mod h1:pXiqmnSA92OHEEa9HXL2W4E7lf9JzCmGVUdgjX3N/iU=
github.com/google/jsonschema-go v0.4.2 h1:tmrUohrwoLZZS/P3x7ex0WAVknEkBZM46iALbcqoRA8=
github.com/google/jsonschema-go v0.4.2/go.mod h1:r5quNTdLOYEz95Ru18zA0ydNbBuYoo9tgaYcxEYhJVE=
github.com/google/pprof v0.0.0-20250317173921-a4b03ec1a45e h1:ijClszYn+mADRFY17kjQEVQ1XRhq2/JR1M3sGqeJoxs=
github.com/google/pprof v0.0.0-20250317173921-a4b03ec1a45e/go.mod h1:boTsfXsheKC2y+lKOCMpSfarhxDeIzfZG1jqGcPl3cA=
github.com/google/uuid v1.6.0 h1:NIvaJDMOsjHA8n1jAhLSgzrAzy1Hgr+hNrb57e+94F0=
github.com/google/uuid v1.6.0/go.mod h1:TIyPZe4MgqvfeYDBFedMoGGpEw/LqOeaOT+nhxU+yHo=
github.com/inconshreveable/mousetrap v1.1.0 h1:wN+x4NVGpMsO7ErUn/mUI3vEoE6Jt13X2s0bqwp9tc8=
github.com/inconshreveable/mousetrap v1.1.0/go.mod h1:vpF70FUmC8bwa3OWnCshd2FqLfsEA9PFc4w1p2J65bw=
github.com/kr/pretty v0.3.1 h1:flRD4NNwYAUpkphVc1HcthR4KEIFJ65n8Mw5qdRn3LE=
github.com/kr/pretty v0.3.1/go.mod h1:hoEshYVHaxMs3cyo3Yncou5ZscifuDolrwPKZanG3xk=
github.com/kr/text v0.2.0 h1:5Nx0Ya0ZqY2ygV366QzturHI13Jq95ApcVaJBhpS+AY=
github.com/kr/text v0.2.0/go.mod h1:eLer722TekiGuMkidMxC/pM04lWEeraHUUmBw8l2grE=
github.com/mark3labs/mcp-go v0.47.0 h1:h44yeM3DduDyQgzImYWu4pt6VRkqP/0p/95AGhWngnA=
github.com/mark3labs/mcp-go v0.47.0/go.mod h1:JKTC7R2LLVagkEWK7Kwu7DbmA6iIvnNAod6yrHiQMag=
github.com/mattn/go-isatty v0.0.20 h1:xfD0iDuEKnDkl03q4limB+vH+GxLEtL/jb4xVJSWWEY=
github.com/mattn/go-isatty v0.0.20/go.mod h1:W+V8PltTTMOvKvAeJH7IuucS94S2C6jfK/D7dTCTo3Y=
github.com/ncruces/go-strftime v0.1.9 h1:bY0MQC28UADQmHmaF5dgpLmImcShSi2kHU9XLdhx/f4=
github.com/ncruces/go-strftime v0.1.9/go.mod h1:Fwc5htZGVVkseilnfgOVb9mKy6w1naJmn9CehxcKcls=
github.com/pelletier/go-toml/v2 v2.2.4 h1:mye9XuhQ6gvn5h28+VilKrrPoQVanw5PMw/TB0t5Ec4=
github.com/pelletier/go-toml/v2 v2.2.4/go.mod h1:2gIqNv+qfxSVS7cM2xJQKtLSTLUE9V8t9Stt+h56mCY=
github.com/pmezard/go-difflib v1.0.0 h1:4DBwDE0NGyQoBHbLQYPwSUPoCMWR5BEzIk/f1lZbAQM=
github.com/pmezard/go-difflib v1.0.0/go.mod h1:iKH77koFhYxTK1pcRnkKkqfTogsbg7gZNVY4sRDYZ/4=
github.com/remyoudompheng/bigfft v0.0.0-20230129092748-24d4a6f8daec h1:W09IVJc94icq4NjY3clb7Lk8O1qJ8BdBEF8z0ibU0rE=
github.com/remyoudompheng/bigfft v0.0.0-20230129092748-24d4a6f8daec/go.mod h1:qqbHyh8v60DhA7CoWK5oRCqLrMHRGoxYCSS9EjAz6Eo=
github.com/rogpeppe/go-internal v1.9.0 h1:73kH8U+JUqXU8lRuOHeVHaa/SZPifC7BkcraZVejAe8=
github.com/rogpeppe/go-internal v1.9.0/go.mod h1:WtVeX8xhTBvf0smdhujwtBcq4Qrzq/fJaraNFVN+nFs=
github.com/russross/blackfriday/v2 v2.1.0/go.mod h1:+Rmxgy9KzJVeS9/2gXHxylqXiyQDYRxCVz55jmeOWTM=
github.com/spf13/cast v1.7.1 h1:cuNEagBQEHWN1FnbGEjCXL2szYEXqfJPbP2HNUaca9Y=
github.com/spf13/cast v1.7.1/go.mod h1:ancEpBxwJDODSW/UG4rDrAqiKolqNNh2DX3mk86cAdo=
github.com/spf13/cobra v1.9.1 h1:CXSaggrXdbHK9CF+8ywj8Amf7PBRmPCOJugH954Nnlo=
github.com/spf13/cobra v1.9.1/go.mod h1:nDyEzZ8ogv936Cinf6g1RU9MRY64Ir93oCnqb9wxYW0=
github.com/spf13/pflag v1.0.6 h1:jFzHGLGAlb3ruxLB8MhbI6A8+AQX/2eW4qeyNZXNp2o=
github.com/spf13/pflag v1.0.6/go.mod h1:McXfInJRrz4CZXVZOBLb0bTZqETkiAhM9Iw0y3An2Bg=
github.com/stretchr/testify v1.9.0 h1:HtqpIVDClZ4nwg75+f6Lvsy/wHu+3BoSGCbBAcpTsTg=
github.com/stretchr/testify v1.9.0/go.mod h1:r2ic/lqez/lEtzL7wO/rwa5dbSLXVDPFyf8C91i36aY=
github.com/yosida95/uritemplate/v3 v3.0.2 h1:Ed3Oyj9yrmi9087+NczuL5BwkIc4wvTb5zIM+UJPGz4=
github.com/yosida95/uritemplate/v3 v3.0.2/go.mod h1:ILOh0sOhIJR3+L/8afwt/kE++YT040gmv5BQTMR2HP4=
golang.org/x/exp v0.0.0-20250305212735-054e65f0b394 h1:nDVHiLt8aIbd/VzvPWN6kSOPE7+F/fNFDSXLVYkE/Iw=
golang.org/x/exp v0.0.0-20250305212735-054e65f0b394/go.mod h1:sIifuuw/Yco/y6yb6+bDNfyeQ/MdPUy/hKEMYQV17cM=
golang.org/x/mod v0.24.0 h1:ZfthKaKaT4NrhGVZHO1/WDTwGES4De8KtWO0SIbNJMU=
golang.org/x/mod v0.24.0/go.mod h1:IXM97Txy2VM4PJ3gI61r1YEk/gAj6zAHN3AdZt6S9Ww=
golang.org/x/sync v0.12.0 h1:MHc5BpPuC30uJk597Ri8TV3CNZcTLu6B6z4lJy+g6Jw=
golang.org/x/sync v0.12.0/go.mod h1:1dzgHSNfp02xaA81J2MS99Qcpr2w7fw1gpm99rleRqA=
golang.org/x/sys v0.6.0/go.mod h1:oPkhp1MJrh7nUepCBck5+mAzfO9JrbApNNgaTdGDITg=
golang.org/x/sys v0.31.0 h1:ioabZlmFYtWhL+TRYpcnNlLwhyxaM9kWTDEmfnprqik=
golang.org/x/sys v0.31.0/go.mod h1:BJP2sWEmIv4KK5OTEluFJCKSidICx8ciO85XgH3Ak8k=
golang.org/x/tools v0.31.0 h1:0EedkvKDbh+qistFTd0Bcwe/YLh4vHwWEkiI0toFIBU=
golang.org/x/tools v0.31.0/go.mod h1:naFTU+Cev749tSJRXJlna0T3WxKvb1kWEx15xA4SdmQ=
gopkg.in/check.v1 v0.0.0-20161208181325-20d25e280405 h1:yhCVgyC4o1eVCa2tZl7eS0r+SDo693bJlVdllGtEeKM=
gopkg.in/check.v1 v0.0.0-20161208181325-20d25e280405/go.mod h1:Co6ibVJAznAaIkqp8huTwlJQCZ016jof/cbN4VW5Yz0=
gopkg.in/yaml.v3 v3.0.1 h1:fxVm/GzAzEWqLHuvctI91KS9hhNmmWOoWu0XTYJS7CA=
gopkg.in/yaml.v3 v3.0.1/go.mod h1:K4uyk7z7BCEPqu6E+C64Yfv1cQ7kz7rIZviUmN+EgEM=
modernc.org/cc/v4 v4.25.2 h1:T2oH7sZdGvTaie0BRNFbIYsabzCxUQg8nLqCdQ2i0ic=
modernc.org/cc/v4 v4.25.2/go.mod h1:uVtb5OGqUKpoLWhqwNQo/8LwvoiEBLvZXIQ/SmO6mL0=
modernc.org/ccgo/v4 v4.25.1 h1:TFSzPrAGmDsdnhT9X2UrcPMI3N/mJ9/X9ykKXwLhDsU=
modernc.org/ccgo/v4 v4.25.1/go.mod h1:njjuAYiPflywOOrm3B7kCB444ONP5pAVr8PIEoE0uDw=
modernc.org/fileutil v1.3.0 h1:gQ5SIzK3H9kdfai/5x41oQiKValumqNTDXMvKo62HvE=
modernc.org/fileutil v1.3.0/go.mod h1:XatxS8fZi3pS8/hKG2GH/ArUogfxjpEKs3Ku3aK4JyQ=
modernc.org/gc/v2 v2.6.5 h1:nyqdV8q46KvTpZlsw66kWqwXRHdjIlJOhG6kxiV/9xI=
modernc.org/gc/v2 v2.6.5/go.mod h1:YgIahr1ypgfe7chRuJi2gD7DBQiKSLMPgBQe9oIiito=
modernc.org/libc v1.62.1 h1:s0+fv5E3FymN8eJVmnk0llBe6rOxCu/DEU+XygRbS8s=
modernc.org/libc v1.62.1/go.mod h1:iXhATfJQLjG3NWy56a6WVU73lWOcdYVxsvwCgoPljuo=
modernc.org/mathutil v1.7.1 h1:GCZVGXdaN8gTqB1Mf/usp1Y/hSqgI2vAGGP4jZMCxOU=
modernc.org/mathutil v1.7.1/go.mod h1:4p5IwJITfppl0G4sUEDtCr4DthTaT47/N3aT6MhfgJg=
modernc.org/memory v1.9.1 h1:V/Z1solwAVmMW1yttq3nDdZPJqV1rM05Ccq6KMSZ34g=
modernc.org/memory v1.9.1/go.mod h1:/JP4VbVC+K5sU2wZi9bHoq2MAkCnrt2r98UGeSK7Mjw=
modernc.org/opt v0.1.4 h1:2kNGMRiUjrp4LcaPuLY2PzUfqM/w9N23quVwhKt5Qm8=
modernc.org/opt v0.1.4/go.mod h1:03fq9lsNfvkYSfxrfUhZCWPk1lm4cq4N+Bh//bEtgns=
modernc.org/sortutil v1.2.1 h1:+xyoGf15mM3NMlPDnFqrteY07klSFxLElE2PVuWIJ7w=
modernc.org/sortutil v1.2.1/go.mod h1:7ZI3a3REbai7gzCLcotuw9AC4VZVpYMjDzETGsSMqJE=
modernc.org/sqlite v1.37.0 h1:s1TMe7T3Q3ovQiK2Ouz4Jwh7dw4ZDqbebSDTlSJdfjI=
modernc.org/sqlite v1.37.0/go.mod h1:5YiWv+YviqGMuGw4V+PNplcyaJ5v+vQd7TQOgkACoJM=
modernc.org/strutil v1.2.1 h1:UneZBkQA+DX2Rp35KcM69cSsNES9ly8mQWD71HKlOA0=
modernc.org/strutil v1.2.1/go.mod h1:EHkiggD70koQxjVdSBM3JKM7k6L0FbGE5eymy9i3B9A=
modernc.org/token v1.1.0 h1:Xl7Ap9dKaEs5kLoOQeQmPWevfnk/DM5qcLcYlA8ys6Y=
modernc.org/token v1.1.0/go.mod h1:UGzOrNV1mAFSEB63lOFHIpNRUVMvYTc6yu1SMY/XTDM=
